
Microsoft Visual Studio Solution File, Format Version 12.00
# Visual Studio Version 17
VisualStudioVersion = 17.8.34330.188
MinimumVisualStudioVersion = 10.0.40219.1
Project("{FAE04EC0-301F-11D3-BF4B-00C04F79EFBC}") = "SchoolManagement", "SchoolManagement\SchoolManagement.csproj", "{BDE1CF83-CC56-4FC5-BAA3-0BC87E87E1C0}"
EndProject
Project("{FAE04EC0-301F-11D3-BF4B-00C04F79EFBC}") = "SchoolTest", "SchoolTest\SchoolTest.csproj", "{B9738851-B075-45F9-A27A-78E8D344CF03}"
EndProject
Global
	GlobalSection(SolutionConfigurationPlatforms) = preSolution
		Debug|Any CPU = Debug|Any CPU
		Release|Any CPU = Release|Any CPU
	EndGlobalSection
	GlobalSection(ProjectConfigurationPlatforms) = postSolution
		{BDE1CF83-CC56-4FC5-BAA3-0BC87E87E1C0}.Debug|Any CPU.ActiveCfg = Debug|Any CPU
		{BDE1CF83-CC56-4FC5-BAA3-0BC87E87E1C0}.Debug|Any CPU.Build.0 = Debug|Any CPU
		{BDE1CF83-CC56-4FC5-BAA3-0BC87E87E1C0}.Release|Any CPU.ActiveCfg = Release|Any CPU
		{BDE1CF83-CC56-4FC5-BAA3-0BC87E87E1C0}.Release|Any CPU.Build.0 = Release|Any CPU
		{B9738851-B075-45F9-A27A-78E8D344CF03}.Debug|Any CPU.ActiveCfg = Debug|Any CPU
		{B9738851-B075-45F9-A27A-78E8D344CF03}.Debug|Any CPU.Build.0 = Debug|Any CPU
		{B9738851-B075-45F9-A27A-78E8D344CF03}.Release|Any CPU.ActiveCfg = Release|Any CPU
		{B9738851-B075-45F9-A27A-78E8D344CF03}.Release|Any CPU.Build.0 = Release|Any CPU
	EndGlobalSection
	GlobalSection(SolutionProperties) = preSolution
		HideSolutionNode = FALSE
	EndGlobalSection
	GlobalSection(ExtensibilityGlobals) = postSolution
		SolutionGuid = {49F181FB-F892-4525-AF1E-2724E0166DC6}
	EndGlobalSection
EndGlobal
